
Microsoft Visual Studio Solution File, Format Version 12.00
# Visual Studio Version 16
VisualStudioVersion = 16.0.28803.202
MinimumVisualStudioVersion = 10.0.40219.1
Project("{FAE04EC0-301F-11D3-BF4B-00C04F79EFBC}") = "Problem1", "Problem1\Problem1.csproj", "{2ECC6454-C1D6-4191-B381-6DA7680A48BA}"
EndProject
Project("{FAE04EC0-301F-11D3-BF4B-00C04F79EFBC}") = "Problem2", "Problem2\Problem2.csproj", "{423315E9-2534-4753-B896-171DB92F5EFB}"
EndProject
Global
	GlobalSection(SolutionConfigurationPlatforms) = preSolution
		Debug|Any CPU = Debug|Any CPU
		Release|Any CPU = Release|Any CPU
	EndGlobalSection
	GlobalSection(ProjectConfigurationPlatforms) = postSolution
		{2ECC6454-C1D6-4191-B381-6DA7680A48BA}.Debug|Any CPU.ActiveCfg = Debug|Any CPU
		{2ECC6454-C1D6-4191-B381-6DA7680A48BA}.Debug|Any CPU.Build.0 = Debug|Any CPU
		{2ECC6454-C1D6-4191-B381-6DA7680A48BA}.Release|Any CPU.ActiveCfg = Release|Any CPU
		{2ECC6454-C1D6-4191-B381-6DA7680A48BA}.Release|Any CPU.Build.0 = Release|Any CPU
		{423315E9-2534-4753-B896-171DB92F5EFB}.Debug|Any CPU.ActiveCfg = Debug|Any CPU
		{423315E9-2534-4753-B896-171DB92F5EFB}.Debug|Any CPU.Build.0 = Debug|Any CPU
		{423315E9-2534-4753-B896-171DB92F5EFB}.Release|Any CPU.ActiveCfg = Release|Any CPU
		{423315E9-2534-4753-B896-171DB92F5EFB}.Release|Any CPU.Build.0 = Release|Any CPU
	EndGlobalSection
	GlobalSection(SolutionProperties) = preSolution
		HideSolutionNode = FALSE
	EndGlobalSection
	GlobalSection(ExtensibilityGlobals) = postSolution
		SolutionGuid = {90BA1F7F-9343-4896-A197-6EBB0EE219C8}
	EndGlobalSection
EndGlobal
